
Microsoft Visual Studio Solution File, Format Version 12.00
# Visual Studio 2013
Project("{FAE04EC0-301F-11D3-BF4B-00C04F79EFBC}") = "UnityVS.ExportEffectPng.CSharp", "UnityVS.ExportEffectPng.CSharp.csproj", "{830089C2-E7B2-279F-BF36-12CE7F0C4441}"
EndProject
Global
	GlobalSection(SolutionConfigurationPlatforms) = preSolution
		Debug|Any CPU = Debug|Any CPU
		Release|Any CPU = Release|Any CPU
	EndGlobalSection
	GlobalSection(ProjectConfigurationPlatforms) = postSolution
		{830089C2-E7B2-279F-BF36-12CE7F0C4441}.Debug|Any CPU.ActiveCfg = Debug|Any CPU
		{830089C2-E7B2-279F-BF36-12CE7F0C4441}.Debug|Any CPU.Build.0 = Debug|Any CPU
		{830089C2-E7B2-279F-BF36-12CE7F0C4441}.Release|Any CPU.ActiveCfg = Release|Any CPU
		{830089C2-E7B2-279F-BF36-12CE7F0C4441}.Release|Any CPU.Build.0 = Release|Any CPU
	EndGlobalSection
	GlobalSection(SolutionProperties) = preSolution
		HideSolutionNode = FALSE
	EndGlobalSection
EndGlobal
